
Microsoft Visual Studio Solution File, Format Version 12.00
# Visual Studio 15
VisualStudioVersion = 15.0.27130.2036
MinimumVisualStudioVersion = 10.0.40219.1
Project("{00D1A9C2-B5F0-4AF3-8072-F6C62B433612}") = "FenixData", "FenixData\FenixData.sqlproj", "{DFE7DCC9-8A28-4EE6-8F71-886958632222}"
EndProject
Global
	GlobalSection(SolutionConfigurationPlatforms) = preSolution
		Debug|Any CPU = Debug|Any CPU
		Release|Any CPU = Release|Any CPU
	EndGlobalSection
	GlobalSection(ProjectConfigurationPlatforms) = postSolution
		{DFE7DCC9-8A28-4EE6-8F71-886958632222}.Debug|Any CPU.ActiveCfg = Debug|Any CPU
		{DFE7DCC9-8A28-4EE6-8F71-886958632222}.Debug|Any CPU.Build.0 = Debug|Any CPU
		{DFE7DCC9-8A28-4EE6-8F71-886958632222}.Debug|Any CPU.Deploy.0 = Debug|Any CPU
		{DFE7DCC9-8A28-4EE6-8F71-886958632222}.Release|Any CPU.ActiveCfg = Release|Any CPU
		{DFE7DCC9-8A28-4EE6-8F71-886958632222}.Release|Any CPU.Build.0 = Release|Any CPU
		{DFE7DCC9-8A28-4EE6-8F71-886958632222}.Release|Any CPU.Deploy.0 = Release|Any CPU
	EndGlobalSection
	GlobalSection(SolutionProperties) = preSolution
		HideSolutionNode = FALSE
	EndGlobalSection
	GlobalSection(ExtensibilityGlobals) = postSolution
		SolutionGuid = {DD2BD715-5052-486F-B298-1CDC6E02B3FD}
	EndGlobalSection
EndGlobal
